
Microsoft Visual Studio Solution File, Format Version 12.00
# Visual Studio Version 16
VisualStudioVersion = 16.0.30011.22
MinimumVisualStudioVersion = 10.0.40219.1
Project("{151D2E53-A2C4-4D7D-83FE-D05416EBD58E}") = "upload-and-encode-logicapp", "upload-and-encode-logicapp\upload-and-encode-logicapp.deployproj", "{309345A0-5475-49B3-9B37-11EA181CEB13}"
EndProject
Project("{151D2E53-A2C4-4D7D-83FE-D05416EBD58E}") = "publish-logicapp", "publish-logicapp\publish-logicapp.deployproj", "{5BB65FA4-C253-4690-B944-C23AD36B7407}"
EndProject
Global
	GlobalSection(SolutionConfigurationPlatforms) = preSolution
		Debug|Any CPU = Debug|Any CPU
		Release|Any CPU = Release|Any CPU
	EndGlobalSection
	GlobalSection(ProjectConfigurationPlatforms) = postSolution
		{309345A0-5475-49B3-9B37-11EA181CEB13}.Debug|Any CPU.ActiveCfg = Debug|Any CPU
		{309345A0-5475-49B3-9B37-11EA181CEB13}.Debug|Any CPU.Build.0 = Debug|Any CPU
		{309345A0-5475-49B3-9B37-11EA181CEB13}.Release|Any CPU.ActiveCfg = Release|Any CPU
		{309345A0-5475-49B3-9B37-11EA181CEB13}.Release|Any CPU.Build.0 = Release|Any CPU
		{5BB65FA4-C253-4690-B944-C23AD36B7407}.Debug|Any CPU.ActiveCfg = Debug|Any CPU
		{5BB65FA4-C253-4690-B944-C23AD36B7407}.Debug|Any CPU.Build.0 = Debug|Any CPU
		{5BB65FA4-C253-4690-B944-C23AD36B7407}.Release|Any CPU.ActiveCfg = Release|Any CPU
		{5BB65FA4-C253-4690-B944-C23AD36B7407}.Release|Any CPU.Build.0 = Release|Any CPU
	EndGlobalSection
	GlobalSection(SolutionProperties) = preSolution
		HideSolutionNode = FALSE
	EndGlobalSection
	GlobalSection(ExtensibilityGlobals) = postSolution
		SolutionGuid = {DEF8B2A9-E3AC-4B35-A2D6-17F758B71792}
	EndGlobalSection
EndGlobal
