
Microsoft Visual Studio Solution File, Format Version 12.00
# Visual Studio Version 16
VisualStudioVersion = 16.0.30114.105
MinimumVisualStudioVersion = 10.0.40219.1
Project("{151D2E53-A2C4-4D7D-83FE-D05416EBD58E}") = "upload-and-encode-logicapp", "upload-and-encode-logicapp\upload-and-encode-logicapp.deployproj", "{FE66CF17-0477-415A-8014-DC18097F41FF}"
EndProject
Global
	GlobalSection(SolutionConfigurationPlatforms) = preSolution
		Debug|Any CPU = Debug|Any CPU
		Release|Any CPU = Release|Any CPU
	EndGlobalSection
	GlobalSection(ProjectConfigurationPlatforms) = postSolution
		{FE66CF17-0477-415A-8014-DC18097F41FF}.Debug|Any CPU.ActiveCfg = Debug|Any CPU
		{FE66CF17-0477-415A-8014-DC18097F41FF}.Debug|Any CPU.Build.0 = Debug|Any CPU
		{FE66CF17-0477-415A-8014-DC18097F41FF}.Release|Any CPU.ActiveCfg = Release|Any CPU
		{FE66CF17-0477-415A-8014-DC18097F41FF}.Release|Any CPU.Build.0 = Release|Any CPU
	EndGlobalSection
	GlobalSection(SolutionProperties) = preSolution
		HideSolutionNode = FALSE
	EndGlobalSection
	GlobalSection(ExtensibilityGlobals) = postSolution
		SolutionGuid = {D3EBB541-0775-4B6E-A972-498EDA852FD3}
	EndGlobalSection
EndGlobal
